
Microsoft Visual Studio Solution File, Format Version 12.00
# Visual Studio Version 17
VisualStudioVersion = 17.11.35222.181
MinimumVisualStudioVersion = 10.0.40219.1
Project("{FAE04EC0-301F-11D3-BF4B-00C04F79EFBC}") = "EstoqFy", "EstoqFy.csproj", "{D307E01F-DD74-4976-9FE3-69C6ACA59833}"
EndProject
Global
	GlobalSection(SolutionConfigurationPlatforms) = preSolution
		Debug|Any CPU = Debug|Any CPU
		Release|Any CPU = Release|Any CPU
	EndGlobalSection
	GlobalSection(ProjectConfigurationPlatforms) = postSolution
		{D307E01F-DD74-4976-9FE3-69C6ACA59833}.Debug|Any CPU.ActiveCfg = Debug|Any CPU
		{D307E01F-DD74-4976-9FE3-69C6ACA59833}.Debug|Any CPU.Build.0 = Debug|Any CPU
		{D307E01F-DD74-4976-9FE3-69C6ACA59833}.Release|Any CPU.ActiveCfg = Release|Any CPU
		{D307E01F-DD74-4976-9FE3-69C6ACA59833}.Release|Any CPU.Build.0 = Release|Any CPU
	EndGlobalSection
	GlobalSection(SolutionProperties) = preSolution
		HideSolutionNode = FALSE
	EndGlobalSection
	GlobalSection(ExtensibilityGlobals) = postSolution
		SolutionGuid = {8A509D2F-AD85-49B3-BB6C-C90B007F105E}
	EndGlobalSection
EndGlobal
